
Microsoft Visual Studio Solution File, Format Version 12.00
# Visual Studio 15
VisualStudioVersion = 15.0.28307.572
MinimumVisualStudioVersion = 10.0.40219.1
Project("{FAE04EC0-301F-11D3-BF4B-00C04F79EFBC}") = "WebEjtor", "WebEjtor\WebEjtor.csproj", "{3302B73A-D088-489F-8C67-AF46C6F99244}"
EndProject
Project("{FAE04EC0-301F-11D3-BF4B-00C04F79EFBC}") = "Negocio", "Access\Negocio.csproj", "{B60B9181-9D5E-4F10-897E-4997864D7674}"
EndProject
Project("{FAE04EC0-301F-11D3-BF4B-00C04F79EFBC}") = "Entidades", "Entidades\Entidades.csproj", "{663E1B7F-0E97-48D3-B733-CF7FD95949D0}"
EndProject
Project("{FAE04EC0-301F-11D3-BF4B-00C04F79EFBC}") = "Data", "Data\Data.csproj", "{4E647315-6F87-43CB-9B32-F5C798F3A8C5}"
EndProject
Project("{E24C65DC-7377-472B-9ABA-BC803B73C61A}") = "EasyBuyWEB", "EasyBuyWEB\", "{1F4F3BC0-025B-4A7D-9D81-45ED92B1C4F4}"
	ProjectSection(WebsiteProperties) = preProject
		TargetFrameworkMoniker = ".NETFramework,Version%3Dv4.5.2"
		ProjectReferences = "{663e1b7f-0e97-48d3-b733-cf7fd95949d0}|Entidades.dll;{4e647315-6f87-43cb-9b32-f5c798f3a8c5}|Data.dll;{b60b9181-9d5e-4f10-897e-4997864d7674}|Negocio.dll;"
		Debug.AspNetCompiler.VirtualPath = "/localhost_49640"
		Debug.AspNetCompiler.PhysicalPath = "EasyBuyWEB\"
		Debug.AspNetCompiler.TargetPath = "PrecompiledWeb\localhost_49640\"
		Debug.AspNetCompiler.Updateable = "true"
		Debug.AspNetCompiler.ForceOverwrite = "true"
		Debug.AspNetCompiler.FixedNames = "false"
		Debug.AspNetCompiler.Debug = "True"
		Release.AspNetCompiler.VirtualPath = "/localhost_49640"
		Release.AspNetCompiler.PhysicalPath = "EasyBuyWEB\"
		Release.AspNetCompiler.TargetPath = "PrecompiledWeb\localhost_49640\"
		Release.AspNetCompiler.Updateable = "true"
		Release.AspNetCompiler.ForceOverwrite = "true"
		Release.AspNetCompiler.FixedNames = "false"
		Release.AspNetCompiler.Debug = "False"
		VWDPort = "49640"
		SlnRelativePath = "EasyBuyWEB\"
	EndProjectSection
EndProject
Project("{FAE04EC0-301F-11D3-BF4B-00C04F79EFBC}") = "WebNurServiciosPedidos", "WebNurServiciosPedidos\WebNurServiciosPedidos.csproj", "{6C5FDD49-B87C-4DFF-9283-30E8511974F1}"
EndProject
Project("{FAE04EC0-301F-11D3-BF4B-00C04F79EFBC}") = "pruebaFranz3", "pruebaFranz3\pruebaFranz3.csproj", "{960C2741-02BA-47F2-B4F6-D6EA6E08F982}"
EndProject
Global
	GlobalSection(SolutionConfigurationPlatforms) = preSolution
		Debug|Any CPU = Debug|Any CPU
		Release|Any CPU = Release|Any CPU
	EndGlobalSection
	GlobalSection(ProjectConfigurationPlatforms) = postSolution
		{3302B73A-D088-489F-8C67-AF46C6F99244}.Debug|Any CPU.ActiveCfg = Debug|Any CPU
		{3302B73A-D088-489F-8C67-AF46C6F99244}.Debug|Any CPU.Build.0 = Debug|Any CPU
		{3302B73A-D088-489F-8C67-AF46C6F99244}.Release|Any CPU.ActiveCfg = Release|Any CPU
		{3302B73A-D088-489F-8C67-AF46C6F99244}.Release|Any CPU.Build.0 = Release|Any CPU
		{B60B9181-9D5E-4F10-897E-4997864D7674}.Debug|Any CPU.ActiveCfg = Debug|Any CPU
		{B60B9181-9D5E-4F10-897E-4997864D7674}.Debug|Any CPU.Build.0 = Debug|Any CPU
		{B60B9181-9D5E-4F10-897E-4997864D7674}.Release|Any CPU.ActiveCfg = Release|Any CPU
		{B60B9181-9D5E-4F10-897E-4997864D7674}.Release|Any CPU.Build.0 = Release|Any CPU
		{663E1B7F-0E97-48D3-B733-CF7FD95949D0}.Debug|Any CPU.ActiveCfg = Debug|Any CPU
		{663E1B7F-0E97-48D3-B733-CF7FD95949D0}.Debug|Any CPU.Build.0 = Debug|Any CPU
		{663E1B7F-0E97-48D3-B733-CF7FD95949D0}.Release|Any CPU.ActiveCfg = Release|Any CPU
		{663E1B7F-0E97-48D3-B733-CF7FD95949D0}.Release|Any CPU.Build.0 = Release|Any CPU
		{4E647315-6F87-43CB-9B32-F5C798F3A8C5}.Debug|Any CPU.ActiveCfg = Debug|Any CPU
		{4E647315-6F87-43CB-9B32-F5C798F3A8C5}.Debug|Any CPU.Build.0 = Debug|Any CPU
		{4E647315-6F87-43CB-9B32-F5C798F3A8C5}.Release|Any CPU.ActiveCfg = Release|Any CPU
		{4E647315-6F87-43CB-9B32-F5C798F3A8C5}.Release|Any CPU.Build.0 = Release|Any CPU
		{1F4F3BC0-025B-4A7D-9D81-45ED92B1C4F4}.Debug|Any CPU.ActiveCfg = Debug|Any CPU
		{1F4F3BC0-025B-4A7D-9D81-45ED92B1C4F4}.Debug|Any CPU.Build.0 = Debug|Any CPU
		{1F4F3BC0-025B-4A7D-9D81-45ED92B1C4F4}.Release|Any CPU.ActiveCfg = Debug|Any CPU
		{1F4F3BC0-025B-4A7D-9D81-45ED92B1C4F4}.Release|Any CPU.Build.0 = Debug|Any CPU
		{6C5FDD49-B87C-4DFF-9283-30E8511974F1}.Debug|Any CPU.ActiveCfg = Debug|Any CPU
		{6C5FDD49-B87C-4DFF-9283-30E8511974F1}.Debug|Any CPU.Build.0 = Debug|Any CPU
		{6C5FDD49-B87C-4DFF-9283-30E8511974F1}.Release|Any CPU.ActiveCfg = Release|Any CPU
		{6C5FDD49-B87C-4DFF-9283-30E8511974F1}.Release|Any CPU.Build.0 = Release|Any CPU
		{960C2741-02BA-47F2-B4F6-D6EA6E08F982}.Debug|Any CPU.ActiveCfg = Debug|Any CPU
		{960C2741-02BA-47F2-B4F6-D6EA6E08F982}.Debug|Any CPU.Build.0 = Debug|Any CPU
		{960C2741-02BA-47F2-B4F6-D6EA6E08F982}.Release|Any CPU.ActiveCfg = Release|Any CPU
		{960C2741-02BA-47F2-B4F6-D6EA6E08F982}.Release|Any CPU.Build.0 = Release|Any CPU
	EndGlobalSection
	GlobalSection(SolutionProperties) = preSolution
		HideSolutionNode = FALSE
	EndGlobalSection
	GlobalSection(ExtensibilityGlobals) = postSolution
		SolutionGuid = {B78F8FBD-080D-40A7-A9C6-CA6DB322388F}
	EndGlobalSection
EndGlobal
